<Solution>
  <Project Path="Alchemy.Editor.csproj" />
  <Project Path="Assembly-CSharp.csproj" />
  <Project Path="Linework.csproj" />
  <Project Path="Assembly-CSharp-Editor.csproj" />
  <Project Path="Linework.Editor.csproj" />
  <Project Path="Alchemy.csproj" />
  <Project Path="Alchemy.Tests.Runtime.csproj" />
</Solution>
